name: Generate lockfile
on: workflow_dispatch

permissions:
  contents: write

jobs:
  lockfile:
    runs-on: ubuntu-latest
    steps:
      - uses: actions/checkout@v4
      - uses: actions/setup-node@v4
        with:
          node-version: 18
      - run: npm install
      - name: Commit lockfile
        uses: stefanzweifel/git-auto-commit-action@v5
        with:
          commit_message: "chore: update package-lock.json"
          file_pattern: package-lock.json
